// !$*UTF8*$!
{
	archiveVersion = 1;
	classes = {
	};
	objectVersion = 50;
	objects = {

/* Begin PBXBuildFile section */
		6B1E072021B0503D0073C0D1 /* AppDelegate.swift in Sources */ = {isa = PBXBuildFile; fileRef = 6B1E071F21B0503D0073C0D1 /* AppDelegate.swift */; };
		6B1E072221B0503D0073C0D1 /* ViewController.swift in Sources */ = {isa = PBXBuildFile; fileRef = 6B1E072121B0503D0073C0D1 /* ViewController.swift */; };
		6B1E072521B0503D0073C0D1 /* Main.storyboard in Resources */ = {isa = PBXBuildFile; fileRef = 6B1E072321B0503D0073C0D1 /* Main.storyboard */; };
		6B1E072721B0503F0073C0D1 /* Assets.xcassets in Resources */ = {isa = PBXBuildFile; fileRef = 6B1E072621B0503F0073C0D1 /* Assets.xcassets */; };
		6B1E072A21B0503F0073C0D1 /* LaunchScreen.storyboard in Resources */ = {isa = PBXBuildFile; fileRef = 6B1E072821B0503F0073C0D1 /* LaunchScreen.storyboard */; };
		6B35BD2821E548E500345AE0 /* ButtonCell.swift in Sources */ = {isa = PBXBuildFile; fileRef = 6B35BD2721E548E500345AE0 /* ButtonCell.swift */; };
		6B40F62521DA561200FAB2CA /* Constants.swift in Sources */ = {isa = PBXBuildFile; fileRef = 6B40F62421DA561200FAB2CA /* Constants.swift */; };
		6B40F62721DEACE900FAB2CA /* WeatherController.swift in Sources */ = {isa = PBXBuildFile; fileRef = 6B40F62621DEACE900FAB2CA /* WeatherController.swift */; };
		6B40F62921DEAD0B00FAB2CA /* ParseWeatherJSON.swift in Sources */ = {isa = PBXBuildFile; fileRef = 6B40F62821DEAD0B00FAB2CA /* ParseWeatherJSON.swift */; };
		6B40F62B21DEAD2100FAB2CA /* Functions.swift in Sources */ = {isa = PBXBuildFile; fileRef = 6B40F62A21DEAD2100FAB2CA /* Functions.swift */; };
		6BACFE1221EA9ED400DD51A8 /* icons8-clothes-filled-30.png in Resources */ = {isa = PBXBuildFile; fileRef = 6BACFE0F21EA9ED400DD51A8 /* icons8-clothes-filled-30.png */; };
		6BACFE1321EA9ED400DD51A8 /* icons8-globe-30.png in Resources */ = {isa = PBXBuildFile; fileRef = 6BACFE1021EA9ED400DD51A8 /* icons8-globe-30.png */; };
		6BACFE1421EA9ED400DD51A8 /* icons8-sunset-30.png in Resources */ = {isa = PBXBuildFile; fileRef = 6BACFE1121EA9ED400DD51A8 /* icons8-sunset-30.png */; };
		6BD7910821E2B711004BDA09 /* PlacesViewController.swift in Sources */ = {isa = PBXBuildFile; fileRef = 6BD7910721E2B711004BDA09 /* PlacesViewController.swift */; };
		6BD7910B21E2B795004BDA09 /* MapController.swift in Sources */ = {isa = PBXBuildFile; fileRef = 6BD7910A21E2B795004BDA09 /* MapController.swift */; };
/* End PBXBuildFile section */

/* Begin PBXFileReference section */
		6B1E071C21B0503D0073C0D1 /* ClothesAssistant.app */ = {isa = PBXFileReference; explicitFileType = wrapper.application; includeInIndex = 0; path = ClothesAssistant.app; sourceTree = BUILT_PRODUCTS_DIR; };
		6B1E071F21B0503D0073C0D1 /* AppDelegate.swift */ = {isa = PBXFileReference; lastKnownFileType = sourcecode.swift; path = AppDelegate.swift; sourceTree = "<group>"; };
		6B1E072121B0503D0073C0D1 /* ViewController.swift */ = {isa = PBXFileReference; lastKnownFileType = sourcecode.swift; path = ViewController.swift; sourceTree = "<group>"; };
		6B1E072421B0503D0073C0D1 /* Base */ = {isa = PBXFileReference; lastKnownFileType = file.storyboard; name = Base; path = Base.lproj/Main.storyboard; sourceTree = "<group>"; };
		6B1E072621B0503F0073C0D1 /* Assets.xcassets */ = {isa = PBXFileReference; lastKnownFileType = folder.assetcatalog; path = Assets.xcassets; sourceTree = "<group>"; };
		6B1E072921B0503F0073C0D1 /* Base */ = {isa = PBXFileReference; lastKnownFileType = file.storyboard; name = Base; path = Base.lproj/LaunchScreen.storyboard; sourceTree = "<group>"; };
		6B1E072B21B0503F0073C0D1 /* Info.plist */ = {isa = PBXFileReference; lastKnownFileType = text.plist.xml; path = Info.plist; sourceTree = "<group>"; };
		6B35BD2721E548E500345AE0 /* ButtonCell.swift */ = {isa = PBXFileReference; lastKnownFileType = sourcecode.swift; path = ButtonCell.swift; sourceTree = "<group>"; };
		6B40F62421DA561200FAB2CA /* Constants.swift */ = {isa = PBXFileReference; lastKnownFileType = sourcecode.swift; path = Constants.swift; sourceTree = "<group>"; };
		6B40F62621DEACE900FAB2CA /* WeatherController.swift */ = {isa = PBXFileReference; lastKnownFileType = sourcecode.swift; path = WeatherController.swift; sourceTree = "<group>"; };
		6B40F62821DEAD0B00FAB2CA /* ParseWeatherJSON.swift */ = {isa = PBXFileReference; lastKnownFileType = sourcecode.swift; path = ParseWeatherJSON.swift; sourceTree = "<group>"; };
		6B40F62A21DEAD2100FAB2CA /* Functions.swift */ = {isa = PBXFileReference; lastKnownFileType = sourcecode.swift; path = Functions.swift; sourceTree = "<group>"; };
		6BACFE0F21EA9ED400DD51A8 /* icons8-clothes-filled-30.png */ = {isa = PBXFileReference; lastKnownFileType = image.png; path = "icons8-clothes-filled-30.png"; sourceTree = "<group>"; };
		6BACFE1021EA9ED400DD51A8 /* icons8-globe-30.png */ = {isa = PBXFileReference; lastKnownFileType = image.png; path = "icons8-globe-30.png"; sourceTree = "<group>"; };
		6BACFE1121EA9ED400DD51A8 /* icons8-sunset-30.png */ = {isa = PBXFileReference; lastKnownFileType = image.png; path = "icons8-sunset-30.png"; sourceTree = "<group>"; };
		6BD7910721E2B711004BDA09 /* PlacesViewController.swift */ = {isa = PBXFileReference; lastKnownFileType = sourcecode.swift; path = PlacesViewController.swift; sourceTree = "<group>"; };
		6BD7910A21E2B795004BDA09 /* MapController.swift */ = {isa = PBXFileReference; lastKnownFileType = sourcecode.swift; path = MapController.swift; sourceTree = "<group>"; };
/* End PBXFileReference section */

/* Begin PBXFrameworksBuildPhase section */
		6B1E071921B0503D0073C0D1 /* Frameworks */ = {
			isa = PBXFrameworksBuildPhase;
			buildActionMask = 2147483647;
			files = (
			);
			runOnlyForDeploymentPostprocessing = 0;
		};
/* End PBXFrameworksBuildPhase section */

/* Begin PBXGroup section */
		6B1E071321B0503D0073C0D1 = {
			isa = PBXGroup;
			children = (
				6B1E071E21B0503D0073C0D1 /* ClothesAssistant */,
				6B1E071D21B0503D0073C0D1 /* Products */,
			);
			sourceTree = "<group>";
		};
		6B1E071D21B0503D0073C0D1 /* Products */ = {
			isa = PBXGroup;
			children = (
				6B1E071C21B0503D0073C0D1 /* ClothesAssistant.app */,
			);
			name = Products;
			sourceTree = "<group>";
		};
		6B1E071E21B0503D0073C0D1 /* ClothesAssistant */ = {
			isa = PBXGroup;
			children = (
				6B1E071F21B0503D0073C0D1 /* AppDelegate.swift */,
				6BD7910921E2B72C004BDA09 /* Controllers */,
				6B40F62421DA561200FAB2CA /* Constants.swift */,
				6B40F62821DEAD0B00FAB2CA /* ParseWeatherJSON.swift */,
				6B40F62A21DEAD2100FAB2CA /* Functions.swift */,
				6B1E072321B0503D0073C0D1 /* Main.storyboard */,
				6BACFDFC21EA9CE100DD51A8 /* Images */,
				6B1E073221B050B50073C0D1 /* Supporting Files */,
			);
			path = ClothesAssistant;
			sourceTree = "<group>";
		};
		6B1E073221B050B50073C0D1 /* Supporting Files */ = {
			isa = PBXGroup;
			children = (
				6B1E072621B0503F0073C0D1 /* Assets.xcassets */,
				6B1E072821B0503F0073C0D1 /* LaunchScreen.storyboard */,
				6B1E072B21B0503F0073C0D1 /* Info.plist */,
			);
			path = "Supporting Files";
			sourceTree = "<group>";
		};
		6BACFDFC21EA9CE100DD51A8 /* Images */ = {
			isa = PBXGroup;
			children = (
				6BACFE0F21EA9ED400DD51A8 /* icons8-clothes-filled-30.png */,
				6BACFE1021EA9ED400DD51A8 /* icons8-globe-30.png */,
				6BACFE1121EA9ED400DD51A8 /* icons8-sunset-30.png */,
			);
			path = Images;
			sourceTree = "<group>";
		};
		6BD7910921E2B72C004BDA09 /* Controllers */ = {
			isa = PBXGroup;
			children = (
				6B40F62621DEACE900FAB2CA /* WeatherController.swift */,
				6B1E072121B0503D0073C0D1 /* ViewController.swift */,
				6BD7910721E2B711004BDA09 /* PlacesViewController.swift */,
				6BD7910A21E2B795004BDA09 /* MapController.swift */,
				6B35BD2721E548E500345AE0 /* ButtonCell.swift */,
			);
			path = Controllers;
			sourceTree = "<group>";
		};
/* End PBXGroup section */

/* Begin PBXNativeTarget section */
		6B1E071B21B0503D0073C0D1 /* ClothesAssistant */ = {
			isa = PBXNativeTarget;
			buildConfigurationList = 6B1E072E21B0503F0073C0D1 /* Build configuration list for PBXNativeTarget "ClothesAssistant" */;
			buildPhases = (
				6B1E071821B0503D0073C0D1 /* Sources */,
				6B1E071921B0503D0073C0D1 /* Frameworks */,
				6B1E071A21B0503D0073C0D1 /* Resources */,
			);
			buildRules = (
			);
			dependencies = (
			);
			name = ClothesAssistant;
			productName = ClothesAssistant;
			productReference = 6B1E071C21B0503D0073C0D1 /* ClothesAssistant.app */;
			productType = "com.apple.product-type.application";
		};
/* End PBXNativeTarget section */

/* Begin PBXProject section */
		6B1E071421B0503D0073C0D1 /* Project object */ = {
			isa = PBXProject;
			attributes = {
				LastSwiftUpdateCheck = 1010;
				LastUpgradeCheck = 1010;
				ORGANIZATIONNAME = "Stepan Vasiljeu";
				TargetAttributes = {
					6B1E071B21B0503D0073C0D1 = {
						CreatedOnToolsVersion = 10.1;
					};
				};
			};
			buildConfigurationList = 6B1E071721B0503D0073C0D1 /* Build configuration list for PBXProject "ClothesAssistant" */;
			compatibilityVersion = "Xcode 9.3";
			developmentRegion = en;
			hasScannedForEncodings = 0;
			knownRegions = (
				en,
				Base,
			);
			mainGroup = 6B1E071321B0503D0073C0D1;
			productRefGroup = 6B1E071D21B0503D0073C0D1 /* Products */;
			projectDirPath = "";
			projectRoot = "";
			targets = (
				6B1E071B21B0503D0073C0D1 /* ClothesAssistant */,
			);
		};
/* End PBXProject section */

/* Begin PBXResourcesBuildPhase section */
		6B1E071A21B0503D0073C0D1 /* Resources */ = {
			isa = PBXResourcesBuildPhase;
			buildActionMask = 2147483647;
			files = (
				6B1E072A21B0503F0073C0D1 /* LaunchScreen.storyboard in Resources */,
				6BACFE1321EA9ED400DD51A8 /* icons8-globe-30.png in Resources */,
				6BACFE1421EA9ED400DD51A8 /* icons8-sunset-30.png in Resources */,
				6B1E072721B0503F0073C0D1 /* Assets.xcassets in Resources */,
				6B1E072521B0503D0073C0D1 /* Main.storyboard in Resources */,
				6BACFE1221EA9ED400DD51A8 /* icons8-clothes-filled-30.png in Resources */,
			);
			runOnlyForDeploymentPostprocessing = 0;
		};
/* End PBXResourcesBuildPhase section */

/* Begin PBXSourcesBuildPhase section */
		6B1E071821B0503D0073C0D1 /* Sources */ = {
			isa = PBXSourcesBuildPhase;
			buildActionMask = 2147483647;
			files = (
				6BD7910B21E2B795004BDA09 /* MapController.swift in Sources */,
				6B40F62921DEAD0B00FAB2CA /* ParseWeatherJSON.swift in Sources */,
				6B35BD2821E548E500345AE0 /* ButtonCell.swift in Sources */,
				6BD7910821E2B711004BDA09 /* PlacesViewController.swift in Sources */,
				6B1E072221B0503D0073C0D1 /* ViewController.swift in Sources */,
				6B1E072021B0503D0073C0D1 /* AppDelegate.swift in Sources */,
				6B40F62721DEACE900FAB2CA /* WeatherController.swift in Sources */,
				6B40F62521DA561200FAB2CA /* Constants.swift in Sources */,
				6B40F62B21DEAD2100FAB2CA /* Functions.swift in Sources */,
			);
			runOnlyForDeploymentPostprocessing = 0;
		};
/* End PBXSourcesBuildPhase section */

/* Begin PBXVariantGroup section */
		6B1E072321B0503D0073C0D1 /* Main.storyboard */ = {
			isa = PBXVariantGroup;
			children = (
				6B1E072421B0503D0073C0D1 /* Base */,
			);
			name = Main.storyboard;
			sourceTree = "<group>";
		};
		6B1E072821B0503F0073C0D1 /* LaunchScreen.storyboard */ = {
			isa = PBXVariantGroup;
			children = (
				6B1E072921B0503F0073C0D1 /* Base */,
			);
			name = LaunchScreen.storyboard;
			sourceTree = "<group>";
		};
/* End PBXVariantGroup section */

/* Begin XCBuildConfiguration section */
		6B1E072C21B0503F0073C0D1 /* Debug */ = {
			isa = XCBuildConfiguration;
			buildSettings = {
				ALWAYS_SEARCH_USER_PATHS = NO;
				CLANG_ANALYZER_NONNULL = YES;
				CLANG_ANALYZER_NUMBER_OBJECT_CONVERSION = YES_AGGRESSIVE;
				CLANG_CXX_LANGUAGE_STANDARD = "gnu++14";
				CLANG_CXX_LIBRARY = "libc++";
				CLANG_ENABLE_MODULES = YES;
				CLANG_ENABLE_OBJC_ARC = YES;
				CLANG_ENABLE_OBJC_WEAK = YES;
				CLANG_WARN_BLOCK_CAPTURE_AUTORELEASING = YES;
				CLANG_WARN_BOOL_CONVERSION = YES;
				CLANG_WARN_COMMA = YES;
				CLANG_WARN_CONSTANT_CONVERSION = YES;
				CLANG_WARN_DEPRECATED_OBJC_IMPLEMENTATIONS = YES;
				CLANG_WARN_DIRECT_OBJC_ISA_USAGE = YES_ERROR;
				CLANG_WARN_DOCUMENTATION_COMMENTS = YES;
				CLANG_WARN_EMPTY_BODY = YES;
				CLANG_WARN_ENUM_CONVERSION = YES;
				CLANG_WARN_INFINITE_RECURSION = YES;
				CLANG_WARN_INT_CONVERSION = YES;
				CLANG_WARN_NON_LITERAL_NULL_CONVERSION = YES;
				CLANG_WARN_OBJC_IMPLICIT_RETAIN_SELF = YES;
				CLANG_WARN_OBJC_LITERAL_CONVERSION = YES;
				CLANG_WARN_OBJC_ROOT_CLASS = YES_ERROR;
				CLANG_WARN_RANGE_LOOP_ANALYSIS = YES;
				CLANG_WARN_STRICT_PROTOTYPES = YES;
				CLANG_WARN_SUSPICIOUS_MOVE = YES;
				CLANG_WARN_UNGUARDED_AVAILABILITY = YES_AGGRESSIVE;
				CLANG_WARN_UNREACHABLE_CODE = YES;
				CLANG_WARN__DUPLICATE_METHOD_MATCH = YES;
				CODE_SIGN_IDENTITY = "iPhone Developer";
				COPY_PHASE_STRIP = NO;
				DEBUG_INFORMATION_FORMAT = dwarf;
				ENABLE_STRICT_OBJC_MSGSEND = YES;
				ENABLE_TESTABILITY = YES;
				GCC_C_LANGUAGE_STANDARD = gnu11;
				GCC_DYNAMIC_NO_PIC = NO;
				GCC_NO_COMMON_BLOCKS = YES;
				GCC_OPTIMIZATION_LEVEL = 0;
				GCC_PREPROCESSOR_DEFINITIONS = (
					"DEBUG=1",
					"$(inherited)",
				);
				GCC_WARN_64_TO_32_BIT_CONVERSION = YES;
				GCC_WARN_ABOUT_RETURN_TYPE = YES_ERROR;
				GCC_WARN_UNDECLARED_SELECTOR = YES;
				GCC_WARN_UNINITIALIZED_AUTOS = YES_AGGRESSIVE;
				GCC_WARN_UNUSED_FUNCTION = YES;
				GCC_WARN_UNUSED_VARIABLE = YES;
				IPHONEOS_DEPLOYMENT_TARGET = 12.1;
				MTL_ENABLE_DEBUG_INFO = INCLUDE_SOURCE;
				MTL_FAST_MATH = YES;
				ONLY_ACTIVE_ARCH = YES;
				SDKROOT = iphoneos;
				SWIFT_ACTIVE_COMPILATION_CONDITIONS = DEBUG;
				SWIFT_OPTIMIZATION_LEVEL = "-Onone";
			};
			name = Debug;
		};
		6B1E072D21B0503F0073C0D1 /* Release */ = {
			isa = XCBuildConfiguration;
			buildSettings = {
				ALWAYS_SEARCH_USER_PATHS = NO;
				CLANG_ANALYZER_NONNULL = YES;
				CLANG_ANALYZER_NUMBER_OBJECT_CONVERSION = YES_AGGRESSIVE;
				CLANG_CXX_LANGUAGE_STANDARD = "gnu++14";
				CLANG_CXX_LIBRARY = "libc++";
				CLANG_ENABLE_MODULES = YES;
				CLANG_ENABLE_OBJC_ARC = YES;
				CLANG_ENABLE_OBJC_WEAK = YES;
				CLANG_WARN_BLOCK_CAPTURE_AUTORELEASING = YES;
				CLANG_WARN_BOOL_CONVERSION = YES;
				CLANG_WARN_COMMA = YES;
				CLANG_WARN_CONSTANT_CONVERSION = YES;
				CLANG_WARN_DEPRECATED_OBJC_IMPLEMENTATIONS = YES;
				CLANG_WARN_DIRECT_OBJC_ISA_USAGE = YES_ERROR;
				CLANG_WARN_DOCUMENTATION_COMMENTS = YES;
				CLANG_WARN_EMPTY_BODY = YES;
				CLANG_WARN_ENUM_CONVERSION = YES;
				CLANG_WARN_INFINITE_RECURSION = YES;
				CLANG_WARN_INT_CONVERSION = YES;
				CLANG_WARN_NON_LITERAL_NULL_CONVERSION = YES;
				CLANG_WARN_OBJC_IMPLICIT_RETAIN_SELF = YES;
				CLANG_WARN_OBJC_LITERAL_CONVERSION = YES;
				CLANG_WARN_OBJC_ROOT_CLASS = YES_ERROR;
				CLANG_WARN_RANGE_LOOP_ANALYSIS = YES;
				CLANG_WARN_STRICT_PROTOTYPES = YES;
				CLANG_WARN_SUSPICIOUS_MOVE = YES;
				CLANG_WARN_UNGUARDED_AVAILABILITY = YES_AGGRESSIVE;
				CLANG_WARN_UNREACHABLE_CODE = YES;
				CLANG_WARN__DUPLICATE_METHOD_MATCH = YES;
				CODE_SIGN_IDENTITY = "iPhone Developer";
				COPY_PHASE_STRIP = NO;
				DEBUG_INFORMATION_FORMAT = "dwarf-with-dsym";
				ENABLE_NS_ASSERTIONS = NO;
				ENABLE_STRICT_OBJC_MSGSEND = YES;
				GCC_C_LANGUAGE_STANDARD = gnu11;
				GCC_NO_COMMON_BLOCKS = YES;
				GCC_WARN_64_TO_32_BIT_CONVERSION = YES;
				GCC_WARN_ABOUT_RETURN_TYPE = YES_ERROR;
				GCC_WARN_UNDECLARED_SELECTOR = YES;
				GCC_WARN_UNINITIALIZED_AUTOS = YES_AGGRESSIVE;
				GCC_WARN_UNUSED_FUNCTION = YES;
				GCC_WARN_UNUSED_VARIABLE = YES;
				IPHONEOS_DEPLOYMENT_TARGET = 12.1;
				MTL_ENABLE_DEBUG_INFO = NO;
				MTL_FAST_MATH = YES;
				SDKROOT = iphoneos;
				SWIFT_COMPILATION_MODE = wholemodule;
				SWIFT_OPTIMIZATION_LEVEL = "-O";
				VALIDATE_PRODUCT = YES;
			};
			name = Release;
		};
		6B1E072F21B0503F0073C0D1 /* Debug */ = {
			isa = XCBuildConfiguration;
			buildSettings = {
				ASSETCATALOG_COMPILER_APPICON_NAME = AppIcon;
				CODE_SIGN_STYLE = Automatic;
				DEVELOPMENT_TEAM = 5288NF3D62;
				INFOPLIST_FILE = "$(SRCROOT)/ClothesAssistant/Supporting Files/Info.plist";
				LD_RUNPATH_SEARCH_PATHS = (
					"$(inherited)",
					"@executable_path/Frameworks",
				);
				PRODUCT_BUNDLE_IDENTIFIER = SV.ClothesAssistant;
				PRODUCT_NAME = "$(TARGET_NAME)";
				SWIFT_VERSION = 4.2;
				TARGETED_DEVICE_FAMILY = "1,2";
			};
			name = Debug;
		};
		6B1E073021B0503F0073C0D1 /* Release */ = {
			isa = XCBuildConfiguration;
			buildSettings = {
				ASSETCATALOG_COMPILER_APPICON_NAME = AppIcon;
				CODE_SIGN_STYLE = Automatic;
				DEVELOPMENT_TEAM = 5288NF3D62;
				INFOPLIST_FILE = "$(SRCROOT)/ClothesAssistant/Supporting Files/Info.plist";
				LD_RUNPATH_SEARCH_PATHS = (
					"$(inherited)",
					"@executable_path/Frameworks",
				);
				PRODUCT_BUNDLE_IDENTIFIER = SV.ClothesAssistant;
				PRODUCT_NAME = "$(TARGET_NAME)";
				SWIFT_VERSION = 4.2;
				TARGETED_DEVICE_FAMILY = "1,2";
			};
			name = Release;
		};
/* End XCBuildConfiguration section */

/* Begin XCConfigurationList section */
		6B1E071721B0503D0073C0D1 /* Build configuration list for PBXProject "ClothesAssistant" */ = {
			isa = XCConfigurationList;
			buildConfigurations = (
				6B1E072C21B0503F0073C0D1 /* Debug */,
				6B1E072D21B0503F0073C0D1 /* Release */,
			);
			defaultConfigurationIsVisible = 0;
			defaultConfigurationName = Release;
		};
		6B1E072E21B0503F0073C0D1 /* Build configuration list for PBXNativeTarget "ClothesAssistant" */ = {
			isa = XCConfigurationList;
			buildConfigurations = (
				6B1E072F21B0503F0073C0D1 /* Debug */,
				6B1E073021B0503F0073C0D1 /* Release */,
			);
			defaultConfigurationIsVisible = 0;
			defaultConfigurationName = Release;
		};
/* End XCConfigurationList section */
	};
	rootObject = 6B1E071421B0503D0073C0D1 /* Project object */;
}
